{
    "_readme": [
        "This file locks the dependencies of your project to a known state",
        "Read more about it at http://getcomposer.org/doc/01-basic-usage.md#composer-lock-the-lock-file"
    ],
    "hash": "1a8c31c40591d368a1ee4d28428ba9e6",
    "packages": [
        {
            "name": "psr/log",
            "version": "1.0.0",
            "source": {
                "type": "git",
                "url": "https://github.com/php-fig/log.git",
                "reference": "fe0936ee26643249e916849d48e3a51d5f5e278b"
            },
            "dist": {
                "type": "zip",
                "url": "https://api.github.com/repos/php-fig/log/zipball/fe0936ee26643249e916849d48e3a51d5f5e278b",
                "reference": "fe0936ee26643249e916849d48e3a51d5f5e278b",
                "shasum": ""
            },
            "type": "library",
            "autoload": {
                "psr-0": {
                    "Psr\\Log\\": ""
                }
            },
            "notification-url": "https://packagist.org/downloads/",
            "license": [
                "MIT"
            ],
            "authors": [
                {
                    "name": "PHP-FIG",
                    "homepage": "http://www.php-fig.org/"
                }
            ],
            "description": "Common interface for logging libraries",
            "keywords": [
                "log",
                "psr",
                "psr-3"
            ],
            "time": "2012-12-21 11:40:51"
        },
        {
            "name": "swarrot/swarrot",
            "version": "v1.4.0",
            "source": {
                "type": "git",
                "url": "https://github.com/swarrot/swarrot.git",
                "reference": "eddf811bf0efc2ee2e894f84be44e477e8f7a17d"
            },
            "dist": {
                "type": "zip",
                "url": "https://api.github.com/repos/swarrot/swarrot/zipball/eddf811bf0efc2ee2e894f84be44e477e8f7a17d",
                "reference": "eddf811bf0efc2ee2e894f84be44e477e8f7a17d",
                "shasum": ""
            },
            "require": {
                "php": ">=5.4",
                "psr/log": "~1.0",
                "symfony/options-resolver": "~2.3"
            },
            "require-dev": {
                "phpspec/prophecy-phpunit": "~1.0",
                "phpunit/phpunit": "~4.0",
                "videlalvaro/php-amqplib": "~2.0"
            },
            "suggest": {
                "pecl-amqp": "*",
                "symfony/console": "~2.4",
                "videlalvaro/php-amqplib": "~2.0"
            },
            "type": "library",
            "extra": {
                "branch-alias": {
                    "dev-master": "1.5.x-dev"
                }
            },
            "autoload": {
                "psr-0": {
                    "Swarrot": "src"
                }
            },
            "notification-url": "https://packagist.org/downloads/",
            "license": [
                "MIT"
            ],
            "authors": [
                {
                    "name": "Olivier Dolbeau",
                    "homepage": "http://odolbeau.fr/"
                }
            ],
            "description": "A simple lib to consume RabbitMQ queues",
            "keywords": [
                "swarrot",
                "worker"
            ],
            "time": "2014-10-25 11:07:27"
        },
        {
            "name": "symfony/console",
            "version": "v2.5.6",
            "target-dir": "Symfony/Component/Console",
            "source": {
                "type": "git",
                "url": "https://github.com/symfony/Console.git",
                "reference": "6f177fca24200a5b97aef5ce7a5c98124a0f0db0"
            },
            "dist": {
                "type": "zip",
                "url": "https://api.github.com/repos/symfony/Console/zipball/6f177fca24200a5b97aef5ce7a5c98124a0f0db0",
                "reference": "6f177fca24200a5b97aef5ce7a5c98124a0f0db0",
                "shasum": ""
            },
            "require": {
                "php": ">=5.3.3"
            },
            "require-dev": {
                "psr/log": "~1.0",
                "symfony/event-dispatcher": "~2.1"
            },
            "suggest": {
                "psr/log": "For using the console logger",
                "symfony/event-dispatcher": ""
            },
            "type": "library",
            "extra": {
                "branch-alias": {
                    "dev-master": "2.5-dev"
                }
            },
            "autoload": {
                "psr-0": {
                    "Symfony\\Component\\Console\\": ""
                }
            },
            "notification-url": "https://packagist.org/downloads/",
            "license": [
                "MIT"
            ],
            "authors": [
                {
                    "name": "Symfony Community",
                    "homepage": "http://symfony.com/contributors"
                },
                {
                    "name": "Fabien Potencier",
                    "email": "fabien@symfony.com"
                }
            ],
            "description": "Symfony Console Component",
            "homepage": "http://symfony.com",
            "time": "2014-10-05 13:57:04"
        },
        {
            "name": "symfony/options-resolver",
            "version": "v2.5.6",
            "target-dir": "Symfony/Component/OptionsResolver",
            "source": {
                "type": "git",
                "url": "https://github.com/symfony/OptionsResolver.git",
                "reference": "1bdfe2ef91bfbb00222e643a9e9b907310eb0c39"
            },
            "dist": {
                "type": "zip",
                "url": "https://api.github.com/repos/symfony/OptionsResolver/zipball/1bdfe2ef91bfbb00222e643a9e9b907310eb0c39",
                "reference": "1bdfe2ef91bfbb00222e643a9e9b907310eb0c39",
                "shasum": ""
            },
            "require": {
                "php": ">=5.3.3"
            },
            "type": "library",
            "extra": {
                "branch-alias": {
                    "dev-master": "2.5-dev"
                }
            },
            "autoload": {
                "psr-0": {
                    "Symfony\\Component\\OptionsResolver\\": ""
                }
            },
            "notification-url": "https://packagist.org/downloads/",
            "license": [
                "MIT"
            ],
            "authors": [
                {
                    "name": "Symfony Community",
                    "homepage": "http://symfony.com/contributors"
                },
                {
                    "name": "Fabien Potencier",
                    "email": "fabien@symfony.com"
                }
            ],
            "description": "Symfony OptionsResolver Component",
            "homepage": "http://symfony.com",
            "keywords": [
                "config",
                "configuration",
                "options"
            ],
            "time": "2014-10-01 05:50:18"
        },
        {
            "name": "videlalvaro/php-amqplib",
            "version": "v2.4.1",
            "source": {
                "type": "git",
                "url": "https://github.com/videlalvaro/php-amqplib.git",
                "reference": "58044157b30853a1a425e26e9ff9895247668ac3"
            },
            "dist": {
                "type": "zip",
                "url": "https://api.github.com/repos/videlalvaro/php-amqplib/zipball/58044157b30853a1a425e26e9ff9895247668ac3",
                "reference": "58044157b30853a1a425e26e9ff9895247668ac3",
                "shasum": ""
            },
            "require": {
                "ext-bcmath": "*",
                "php": ">=5.3.0"
            },
            "require-dev": {
                "phpunit/phpunit": "3.7.*"
            },
            "suggest": {
                "ext-sockets": "Use AMQPSocketConnection"
            },
            "type": "library",
            "extra": {
                "branch-alias": {
                    "dev-master": "2.4-dev"
                }
            },
            "autoload": {
                "psr-0": {
                    "PhpAmqpLib": ""
                }
            },
            "notification-url": "https://packagist.org/downloads/",
            "license": [
                "LGPL-2.1"
            ],
            "authors": [
                {
                    "name": "Alvaro Videla"
                }
            ],
            "description": "This library is a pure PHP implementation of the AMQP protocol. It's been tested against RabbitMQ.",
            "homepage": "https://github.com/videlalvaro/php-amqplib/",
            "keywords": [
                "message",
                "queue",
                "rabbitmq"
            ],
            "time": "2014-10-06 11:00:55"
        }
    ],
    "packages-dev": [],
    "aliases": [],
    "minimum-stability": "stable",
    "stability-flags": [],
    "platform": {
        "php": ">=5.4",
        "ext-amqp": "*"
    },
    "platform-dev": []
}
